
Microsoft Visual Studio Solution File, Format Version 12.00
# Visual Studio Version 17
VisualStudioVersion = 17.7.34031.279
MinimumVisualStudioVersion = 10.0.40219.1
Project("{9A19103F-16F7-4668-BE54-9A1E7A4F7556}") = "E commerce", "E commerce\E commerce.csproj", "{DBAEA967-1BEA-44FD-AFAF-0AD8035081C5}"
EndProject
Project("{2150E333-8FDC-42A3-9474-1A3956D46DE8}") = "API", "API", "{CF8002CE-2C25-400E-876B-2C46874C2E9F}"
EndProject
Project("{FAE04EC0-301F-11D3-BF4B-00C04F79EFBC}") = "EcommerceAPI", "API\Controller\EcommerceAPI\EcommerceAPI.csproj", "{E30850C7-5329-4133-A87C-2610190ECF8C}"
EndProject
Project("{2150E333-8FDC-42A3-9474-1A3956D46DE8}") = "Controller", "Controller", "{226ED6D1-F608-4B25-BB9C-D22D798F5CE8}"
EndProject
Project("{2150E333-8FDC-42A3-9474-1A3956D46DE8}") = "BusinessDomain", "BusinessDomain", "{D3731638-0211-44C8-BA8B-37ABB6D9945F}"
EndProject
Project("{2150E333-8FDC-42A3-9474-1A3956D46DE8}") = "DataAccess", "DataAccess", "{8628CCB2-4230-4611-8D37-6E91C2D2B03A}"
EndProject
Project("{FAE04EC0-301F-11D3-BF4B-00C04F79EFBC}") = "Ecommerce BL", "API\BusinessDomain\Ecommerce BL\Ecommerce BL.csproj", "{CF63BCA3-C87D-452B-85EE-42EFBB35D173}"
EndProject
Project("{FAE04EC0-301F-11D3-BF4B-00C04F79EFBC}") = "Ecommerce Repository", "API\DataAccess\Ecommerce Repository\Ecommerce Repository.csproj", "{883B049A-57FE-42CC-8AD5-F01594E53750}"
EndProject
Project("{2150E333-8FDC-42A3-9474-1A3956D46DE8}") = "WebClient", "WebClient", "{E05A1E47-397D-4AF5-AC36-9280D6B69F77}"
EndProject
Global
	GlobalSection(SolutionConfigurationPlatforms) = preSolution
		Debug|Any CPU = Debug|Any CPU
		Release|Any CPU = Release|Any CPU
	EndGlobalSection
	GlobalSection(ProjectConfigurationPlatforms) = postSolution
		{DBAEA967-1BEA-44FD-AFAF-0AD8035081C5}.Debug|Any CPU.ActiveCfg = Debug|Any CPU
		{DBAEA967-1BEA-44FD-AFAF-0AD8035081C5}.Debug|Any CPU.Build.0 = Debug|Any CPU
		{DBAEA967-1BEA-44FD-AFAF-0AD8035081C5}.Release|Any CPU.ActiveCfg = Release|Any CPU
		{DBAEA967-1BEA-44FD-AFAF-0AD8035081C5}.Release|Any CPU.Build.0 = Release|Any CPU
		{E30850C7-5329-4133-A87C-2610190ECF8C}.Debug|Any CPU.ActiveCfg = Debug|Any CPU
		{E30850C7-5329-4133-A87C-2610190ECF8C}.Debug|Any CPU.Build.0 = Debug|Any CPU
		{E30850C7-5329-4133-A87C-2610190ECF8C}.Release|Any CPU.ActiveCfg = Release|Any CPU
		{E30850C7-5329-4133-A87C-2610190ECF8C}.Release|Any CPU.Build.0 = Release|Any CPU
		{CF63BCA3-C87D-452B-85EE-42EFBB35D173}.Debug|Any CPU.ActiveCfg = Debug|Any CPU
		{CF63BCA3-C87D-452B-85EE-42EFBB35D173}.Debug|Any CPU.Build.0 = Debug|Any CPU
		{CF63BCA3-C87D-452B-85EE-42EFBB35D173}.Release|Any CPU.ActiveCfg = Release|Any CPU
		{CF63BCA3-C87D-452B-85EE-42EFBB35D173}.Release|Any CPU.Build.0 = Release|Any CPU
		{883B049A-57FE-42CC-8AD5-F01594E53750}.Debug|Any CPU.ActiveCfg = Debug|Any CPU
		{883B049A-57FE-42CC-8AD5-F01594E53750}.Debug|Any CPU.Build.0 = Debug|Any CPU
		{883B049A-57FE-42CC-8AD5-F01594E53750}.Release|Any CPU.ActiveCfg = Release|Any CPU
		{883B049A-57FE-42CC-8AD5-F01594E53750}.Release|Any CPU.Build.0 = Release|Any CPU
	EndGlobalSection
	GlobalSection(SolutionProperties) = preSolution
		HideSolutionNode = FALSE
	EndGlobalSection
	GlobalSection(NestedProjects) = preSolution
		{DBAEA967-1BEA-44FD-AFAF-0AD8035081C5} = {E05A1E47-397D-4AF5-AC36-9280D6B69F77}
		{E30850C7-5329-4133-A87C-2610190ECF8C} = {226ED6D1-F608-4B25-BB9C-D22D798F5CE8}
		{226ED6D1-F608-4B25-BB9C-D22D798F5CE8} = {CF8002CE-2C25-400E-876B-2C46874C2E9F}
		{D3731638-0211-44C8-BA8B-37ABB6D9945F} = {CF8002CE-2C25-400E-876B-2C46874C2E9F}
		{8628CCB2-4230-4611-8D37-6E91C2D2B03A} = {CF8002CE-2C25-400E-876B-2C46874C2E9F}
		{CF63BCA3-C87D-452B-85EE-42EFBB35D173} = {D3731638-0211-44C8-BA8B-37ABB6D9945F}
		{883B049A-57FE-42CC-8AD5-F01594E53750} = {8628CCB2-4230-4611-8D37-6E91C2D2B03A}
	EndGlobalSection
	GlobalSection(ExtensibilityGlobals) = postSolution
		SolutionGuid = {538D7065-16B2-4BDE-84C4-7D07F6CC6B1E}
	EndGlobalSection
EndGlobal
