
Microsoft Visual Studio Solution File, Format Version 12.00
# Visual Studio Version 17
VisualStudioVersion = 17.7.34031.279
MinimumVisualStudioVersion = 10.0.40219.1
Project("{FAE04EC0-301F-11D3-BF4B-00C04F79EFBC}") = "E commerce", "E commerce\E commerce.csproj", "{DBAEA967-1BEA-44FD-AFAF-0AD8035081C5}"
EndProject
Global
	GlobalSection(SolutionConfigurationPlatforms) = preSolution
		Debug|Any CPU = Debug|Any CPU
		Release|Any CPU = Release|Any CPU
	EndGlobalSection
	GlobalSection(ProjectConfigurationPlatforms) = postSolution
		{DBAEA967-1BEA-44FD-AFAF-0AD8035081C5}.Debug|Any CPU.ActiveCfg = Debug|Any CPU
		{DBAEA967-1BEA-44FD-AFAF-0AD8035081C5}.Debug|Any CPU.Build.0 = Debug|Any CPU
		{DBAEA967-1BEA-44FD-AFAF-0AD8035081C5}.Release|Any CPU.ActiveCfg = Release|Any CPU
		{DBAEA967-1BEA-44FD-AFAF-0AD8035081C5}.Release|Any CPU.Build.0 = Release|Any CPU
	EndGlobalSection
	GlobalSection(SolutionProperties) = preSolution
		HideSolutionNode = FALSE
	EndGlobalSection
	GlobalSection(ExtensibilityGlobals) = postSolution
		SolutionGuid = {538D7065-16B2-4BDE-84C4-7D07F6CC6B1E}
	EndGlobalSection
EndGlobal
